
Microsoft Visual Studio Solution File, Format Version 12.00
# Visual Studio Version 16
VisualStudioVersion = 16.0.31105.61
MinimumVisualStudioVersion = 10.0.40219.1
Project("{FAE04EC0-301F-11D3-BF4B-00C04F79EFBC}") = "desktopClear", "desktopClear\desktopClear.csproj", "{1E96CABD-F776-4910-A4ED-56DBFDF5EF4E}"
EndProject
Global
	GlobalSection(SolutionConfigurationPlatforms) = preSolution
		Debug|Any CPU = Debug|Any CPU
		Release|Any CPU = Release|Any CPU
	EndGlobalSection
	GlobalSection(ProjectConfigurationPlatforms) = postSolution
		{1E96CABD-F776-4910-A4ED-56DBFDF5EF4E}.Debug|Any CPU.ActiveCfg = Debug|Any CPU
		{1E96CABD-F776-4910-A4ED-56DBFDF5EF4E}.Debug|Any CPU.Build.0 = Debug|Any CPU
		{1E96CABD-F776-4910-A4ED-56DBFDF5EF4E}.Release|Any CPU.ActiveCfg = Release|Any CPU
		{1E96CABD-F776-4910-A4ED-56DBFDF5EF4E}.Release|Any CPU.Build.0 = Release|Any CPU
	EndGlobalSection
	GlobalSection(SolutionProperties) = preSolution
		HideSolutionNode = FALSE
	EndGlobalSection
	GlobalSection(ExtensibilityGlobals) = postSolution
		SolutionGuid = {FC540C70-E3DB-408C-8697-0C92E3F2FBDD}
	EndGlobalSection
EndGlobal
